# THIS IS AN AUTOGENERATED FILE. DO NOT EDIT THIS FILE DIRECTLY.
# yarn lockfile v1


ase-parser@^0.0.10:
  version "0.0.10"
  resolved "https://registry.yarnpkg.com/ase-parser/-/ase-parser-0.0.10.tgz#e0a7cd4565e2d4ee807bee3dee2b5958b42e7ecf"
  integrity sha512-QbYdSA//wufaT4LMSjLKimxs6EoYO8m2xFR1VjMLQQwx8cknl2NAmC0XA7DbURQ+mpMb9fjL3xKYzbOEvB7TSg==
